
Microsoft Visual Studio Solution File, Format Version 12.00
# Visual Studio Version 17
VisualStudioVersion = 17.0.31919.166
MinimumVisualStudioVersion = 10.0.40219.1
Project("{9A19103F-16F7-4668-BE54-9A1E7A4F7556}") = "MinecraftEditor", "MinecraftEditor\MinecraftEditor.csproj", "{92F993DA-CAFE-4ED4-A14D-065F06D92F26}"
EndProject
Project("{9A19103F-16F7-4668-BE54-9A1E7A4F7556}") = "MinecraftEditor.Tests", "MinecraftEditor.Tests\MinecraftEditor.Tests.csproj", "{16ABB5AE-53A5-4958-A16E-0404C6D757C0}"
EndProject
Project("{FAE04EC0-301F-11D3-BF4B-00C04F79EFBC}") = "MinecraftEditor.Samples", "MinecraftEditor.Samples\MinecraftEditor.Samples.csproj", "{511E111C-1EAA-498A-93AA-F7DC57B51261}"
EndProject
Global
	GlobalSection(SolutionConfigurationPlatforms) = preSolution
		Debug|Any CPU = Debug|Any CPU
		Release|Any CPU = Release|Any CPU
	EndGlobalSection
	GlobalSection(ProjectConfigurationPlatforms) = postSolution
		{92F993DA-CAFE-4ED4-A14D-065F06D92F26}.Debug|Any CPU.ActiveCfg = Debug|Any CPU
		{92F993DA-CAFE-4ED4-A14D-065F06D92F26}.Debug|Any CPU.Build.0 = Debug|Any CPU
		{92F993DA-CAFE-4ED4-A14D-065F06D92F26}.Release|Any CPU.ActiveCfg = Release|Any CPU
		{92F993DA-CAFE-4ED4-A14D-065F06D92F26}.Release|Any CPU.Build.0 = Release|Any CPU
		{16ABB5AE-53A5-4958-A16E-0404C6D757C0}.Debug|Any CPU.ActiveCfg = Debug|Any CPU
		{16ABB5AE-53A5-4958-A16E-0404C6D757C0}.Debug|Any CPU.Build.0 = Debug|Any CPU
		{16ABB5AE-53A5-4958-A16E-0404C6D757C0}.Release|Any CPU.ActiveCfg = Release|Any CPU
		{16ABB5AE-53A5-4958-A16E-0404C6D757C0}.Release|Any CPU.Build.0 = Release|Any CPU
		{511E111C-1EAA-498A-93AA-F7DC57B51261}.Debug|Any CPU.ActiveCfg = Debug|Any CPU
		{511E111C-1EAA-498A-93AA-F7DC57B51261}.Debug|Any CPU.Build.0 = Debug|Any CPU
		{511E111C-1EAA-498A-93AA-F7DC57B51261}.Release|Any CPU.ActiveCfg = Release|Any CPU
		{511E111C-1EAA-498A-93AA-F7DC57B51261}.Release|Any CPU.Build.0 = Release|Any CPU
	EndGlobalSection
	GlobalSection(SolutionProperties) = preSolution
		HideSolutionNode = FALSE
	EndGlobalSection
	GlobalSection(ExtensibilityGlobals) = postSolution
		SolutionGuid = {C1AFA5A8-6DA2-4FC5-9778-27A2A29E858E}
	EndGlobalSection
EndGlobal
